# generated by rye
# use `rye lock` or `rye sync` to update this lockfile
#
# last locked with the following flags:
#   pre: false
#   features: []
#   all-features: false

-e file:doc
-e file:.
cons==0.4.6
etuples==0.3.9
logical-unification==0.4.6
minikanren==1.0.3
multipledispatch==1.0.0
networkx==3.2.1
toolz==0.12.0
